// !$*UTF8*$!
{
	archiveVersion = 1;
	classes = {
	};
	objectVersion = 56;
	objects = {

/* Begin PBXBuildFile section */
		CE8C3A5D2B1CE0EF0050AB4B /* main.swift in Sources */ = {isa = PBXBuildFile; fileRef = CE8C3A5C2B1CE0EF0050AB4B /* main.swift */; };
		CE8C3A642B1CE1830050AB4B /* FileOpener.swift in Sources */ = {isa = PBXBuildFile; fileRef = CE8C3A632B1CE1830050AB4B /* FileOpener.swift */; };
		CE8C3A792B1CFADD0050AB4B /* main.swift in Sources */ = {isa = PBXBuildFile; fileRef = CE8C3A782B1CFADD0050AB4B /* main.swift */; };
		CE8C3A802B1CFB4A0050AB4B /* AOCDay.swift in Sources */ = {isa = PBXBuildFile; fileRef = CE8C3A7F2B1CFB4A0050AB4B /* AOCDay.swift */; };
		CE8C3A812B1CFB4A0050AB4B /* AOCDay.swift in Sources */ = {isa = PBXBuildFile; fileRef = CE8C3A7F2B1CFB4A0050AB4B /* AOCDay.swift */; };
		CE8C3A822B1CFC040050AB4B /* FileOpener.swift in Sources */ = {isa = PBXBuildFile; fileRef = CE8C3A632B1CE1830050AB4B /* FileOpener.swift */; };
/* End PBXBuildFile section */

/* Begin PBXCopyFilesBuildPhase section */
		CE8C3A582B1CE0EF0050AB4B /* CopyFiles */ = {
			isa = PBXCopyFilesBuildPhase;
			buildActionMask = 2147483647;
			dstPath = /usr/share/man/man1/;
			dstSubfolderSpec = 0;
			files = (
			);
			runOnlyForDeploymentPostprocessing = 1;
		};
		CE8C3A742B1CFADD0050AB4B /* CopyFiles */ = {
			isa = PBXCopyFilesBuildPhase;
			buildActionMask = 2147483647;
			dstPath = /usr/share/man/man1/;
			dstSubfolderSpec = 0;
			files = (
			);
			runOnlyForDeploymentPostprocessing = 1;
		};
/* End PBXCopyFilesBuildPhase section */

/* Begin PBXFileReference section */
		CE8C3A5A2B1CE0EF0050AB4B /* Day 01 */ = {isa = PBXFileReference; explicitFileType = "compiled.mach-o.executable"; includeInIndex = 0; path = "Day 01"; sourceTree = BUILT_PRODUCTS_DIR; };
		CE8C3A5C2B1CE0EF0050AB4B /* main.swift */ = {isa = PBXFileReference; lastKnownFileType = sourcecode.swift; path = main.swift; sourceTree = "<group>"; };
		CE8C3A612B1CE1290050AB4B /* 01_test.txt */ = {isa = PBXFileReference; lastKnownFileType = text; path = 01_test.txt; sourceTree = "<group>"; };
		CE8C3A622B1CE15A0050AB4B /* 01.txt */ = {isa = PBXFileReference; lastKnownFileType = text; path = 01.txt; sourceTree = "<group>"; };
		CE8C3A632B1CE1830050AB4B /* FileOpener.swift */ = {isa = PBXFileReference; lastKnownFileType = sourcecode.swift; path = FileOpener.swift; sourceTree = "<group>"; };
		CE8C3A762B1CFADD0050AB4B /* Day 02 */ = {isa = PBXFileReference; explicitFileType = "compiled.mach-o.executable"; includeInIndex = 0; path = "Day 02"; sourceTree = BUILT_PRODUCTS_DIR; };
		CE8C3A782B1CFADD0050AB4B /* main.swift */ = {isa = PBXFileReference; lastKnownFileType = sourcecode.swift; path = main.swift; sourceTree = "<group>"; };
		CE8C3A7D2B1CFAF50050AB4B /* 02_test.txt */ = {isa = PBXFileReference; lastKnownFileType = text; path = 02_test.txt; sourceTree = "<group>"; };
		CE8C3A7E2B1CFB060050AB4B /* 02.txt */ = {isa = PBXFileReference; lastKnownFileType = text; path = 02.txt; sourceTree = "<group>"; };
		CE8C3A7F2B1CFB4A0050AB4B /* AOCDay.swift */ = {isa = PBXFileReference; lastKnownFileType = sourcecode.swift; path = AOCDay.swift; sourceTree = "<group>"; };
/* End PBXFileReference section */

/* Begin PBXFrameworksBuildPhase section */
		CE8C3A572B1CE0EF0050AB4B /* Frameworks */ = {
			isa = PBXFrameworksBuildPhase;
			buildActionMask = 2147483647;
			files = (
			);
			runOnlyForDeploymentPostprocessing = 0;
		};
		CE8C3A732B1CFADD0050AB4B /* Frameworks */ = {
			isa = PBXFrameworksBuildPhase;
			buildActionMask = 2147483647;
			files = (
			);
			runOnlyForDeploymentPostprocessing = 0;
		};
/* End PBXFrameworksBuildPhase section */

/* Begin PBXGroup section */
		CE8C3A3D2B1CE0140050AB4B = {
			isa = PBXGroup;
			children = (
				CE8C3A7F2B1CFB4A0050AB4B /* AOCDay.swift */,
				CE8C3A632B1CE1830050AB4B /* FileOpener.swift */,
				CE8C3A5B2B1CE0EF0050AB4B /* Day 01 */,
				CE8C3A772B1CFADD0050AB4B /* Day 02 */,
				CE8C3A472B1CE0140050AB4B /* Products */,
			);
			sourceTree = "<group>";
		};
		CE8C3A472B1CE0140050AB4B /* Products */ = {
			isa = PBXGroup;
			children = (
				CE8C3A5A2B1CE0EF0050AB4B /* Day 01 */,
				CE8C3A762B1CFADD0050AB4B /* Day 02 */,
			);
			name = Products;
			sourceTree = "<group>";
		};
		CE8C3A5B2B1CE0EF0050AB4B /* Day 01 */ = {
			isa = PBXGroup;
			children = (
				CE8C3A5C2B1CE0EF0050AB4B /* main.swift */,
				CE8C3A622B1CE15A0050AB4B /* 01.txt */,
				CE8C3A612B1CE1290050AB4B /* 01_test.txt */,
			);
			path = "Day 01";
			sourceTree = "<group>";
		};
		CE8C3A772B1CFADD0050AB4B /* Day 02 */ = {
			isa = PBXGroup;
			children = (
				CE8C3A782B1CFADD0050AB4B /* main.swift */,
				CE8C3A7D2B1CFAF50050AB4B /* 02_test.txt */,
				CE8C3A7E2B1CFB060050AB4B /* 02.txt */,
			);
			path = "Day 02";
			sourceTree = "<group>";
		};
/* End PBXGroup section */

/* Begin PBXNativeTarget section */
		CE8C3A592B1CE0EF0050AB4B /* Day 01 */ = {
			isa = PBXNativeTarget;
			buildConfigurationList = CE8C3A5E2B1CE0EF0050AB4B /* Build configuration list for PBXNativeTarget "Day 01" */;
			buildPhases = (
				CE8C3A562B1CE0EF0050AB4B /* Sources */,
				CE8C3A572B1CE0EF0050AB4B /* Frameworks */,
				CE8C3A582B1CE0EF0050AB4B /* CopyFiles */,
			);
			buildRules = (
			);
			dependencies = (
			);
			name = "Day 01";
			productName = "Day 01";
			productReference = CE8C3A5A2B1CE0EF0050AB4B /* Day 01 */;
			productType = "com.apple.product-type.tool";
		};
		CE8C3A752B1CFADD0050AB4B /* Day 02 */ = {
			isa = PBXNativeTarget;
			buildConfigurationList = CE8C3A7A2B1CFADD0050AB4B /* Build configuration list for PBXNativeTarget "Day 02" */;
			buildPhases = (
				CE8C3A722B1CFADD0050AB4B /* Sources */,
				CE8C3A732B1CFADD0050AB4B /* Frameworks */,
				CE8C3A742B1CFADD0050AB4B /* CopyFiles */,
			);
			buildRules = (
			);
			dependencies = (
			);
			name = "Day 02";
			productName = "Day 02";
			productReference = CE8C3A762B1CFADD0050AB4B /* Day 02 */;
			productType = "com.apple.product-type.tool";
		};
/* End PBXNativeTarget section */

/* Begin PBXProject section */
		CE8C3A3E2B1CE0140050AB4B /* Project object */ = {
			isa = PBXProject;
			attributes = {
				BuildIndependentTargetsInParallel = 1;
				LastSwiftUpdateCheck = 1500;
				LastUpgradeCheck = 1500;
				TargetAttributes = {
					CE8C3A592B1CE0EF0050AB4B = {
						CreatedOnToolsVersion = 15.0.1;
					};
					CE8C3A752B1CFADD0050AB4B = {
						CreatedOnToolsVersion = 15.0.1;
					};
				};
			};
			buildConfigurationList = CE8C3A412B1CE0140050AB4B /* Build configuration list for PBXProject "Advent of Code 2023" */;
			compatibilityVersion = "Xcode 14.0";
			developmentRegion = en;
			hasScannedForEncodings = 0;
			knownRegions = (
				en,
				Base,
			);
			mainGroup = CE8C3A3D2B1CE0140050AB4B;
			productRefGroup = CE8C3A472B1CE0140050AB4B /* Products */;
			projectDirPath = "";
			projectRoot = "";
			targets = (
				CE8C3A592B1CE0EF0050AB4B /* Day 01 */,
				CE8C3A752B1CFADD0050AB4B /* Day 02 */,
			);
		};
/* End PBXProject section */

/* Begin PBXSourcesBuildPhase section */
		CE8C3A562B1CE0EF0050AB4B /* Sources */ = {
			isa = PBXSourcesBuildPhase;
			buildActionMask = 2147483647;
			files = (
				CE8C3A642B1CE1830050AB4B /* FileOpener.swift in Sources */,
				CE8C3A802B1CFB4A0050AB4B /* AOCDay.swift in Sources */,
				CE8C3A5D2B1CE0EF0050AB4B /* main.swift in Sources */,
			);
			runOnlyForDeploymentPostprocessing = 0;
		};
		CE8C3A722B1CFADD0050AB4B /* Sources */ = {
			isa = PBXSourcesBuildPhase;
			buildActionMask = 2147483647;
			files = (
				CE8C3A812B1CFB4A0050AB4B /* AOCDay.swift in Sources */,
				CE8C3A822B1CFC040050AB4B /* FileOpener.swift in Sources */,
				CE8C3A792B1CFADD0050AB4B /* main.swift in Sources */,
			);
			runOnlyForDeploymentPostprocessing = 0;
		};
/* End PBXSourcesBuildPhase section */

/* Begin XCBuildConfiguration section */
		CE8C3A4B2B1CE0140050AB4B /* Debug */ = {
			isa = XCBuildConfiguration;
			buildSettings = {
				ALWAYS_SEARCH_USER_PATHS = NO;
				ASSETCATALOG_COMPILER_GENERATE_SWIFT_ASSET_SYMBOL_EXTENSIONS = YES;
				CLANG_ANALYZER_NONNULL = YES;
				CLANG_ANALYZER_NUMBER_OBJECT_CONVERSION = YES_AGGRESSIVE;
				CLANG_CXX_LANGUAGE_STANDARD = "gnu++20";
				CLANG_ENABLE_MODULES = YES;
				CLANG_ENABLE_OBJC_ARC = YES;
				CLANG_ENABLE_OBJC_WEAK = YES;
				CLANG_WARN_BLOCK_CAPTURE_AUTORELEASING = YES;
				CLANG_WARN_BOOL_CONVERSION = YES;
				CLANG_WARN_COMMA = YES;
				CLANG_WARN_CONSTANT_CONVERSION = YES;
				CLANG_WARN_DEPRECATED_OBJC_IMPLEMENTATIONS = YES;
				CLANG_WARN_DIRECT_OBJC_ISA_USAGE = YES_ERROR;
				CLANG_WARN_DOCUMENTATION_COMMENTS = YES;
				CLANG_WARN_EMPTY_BODY = YES;
				CLANG_WARN_ENUM_CONVERSION = YES;
				CLANG_WARN_INFINITE_RECURSION = YES;
				CLANG_WARN_INT_CONVERSION = YES;
				CLANG_WARN_NON_LITERAL_NULL_CONVERSION = YES;
				CLANG_WARN_OBJC_IMPLICIT_RETAIN_SELF = YES;
				CLANG_WARN_OBJC_LITERAL_CONVERSION = YES;
				CLANG_WARN_OBJC_ROOT_CLASS = YES_ERROR;
				CLANG_WARN_QUOTED_INCLUDE_IN_FRAMEWORK_HEADER = YES;
				CLANG_WARN_RANGE_LOOP_ANALYSIS = YES;
				CLANG_WARN_STRICT_PROTOTYPES = YES;
				CLANG_WARN_SUSPICIOUS_MOVE = YES;
				CLANG_WARN_UNGUARDED_AVAILABILITY = YES_AGGRESSIVE;
				CLANG_WARN_UNREACHABLE_CODE = YES;
				CLANG_WARN__DUPLICATE_METHOD_MATCH = YES;
				COPY_PHASE_STRIP = NO;
				DEBUG_INFORMATION_FORMAT = dwarf;
				ENABLE_STRICT_OBJC_MSGSEND = YES;
				ENABLE_TESTABILITY = YES;
				ENABLE_USER_SCRIPT_SANDBOXING = YES;
				GCC_C_LANGUAGE_STANDARD = gnu17;
				GCC_DYNAMIC_NO_PIC = NO;
				GCC_NO_COMMON_BLOCKS = YES;
				GCC_OPTIMIZATION_LEVEL = 0;
				GCC_PREPROCESSOR_DEFINITIONS = (
					"DEBUG=1",
					"$(inherited)",
				);
				GCC_WARN_64_TO_32_BIT_CONVERSION = YES;
				GCC_WARN_ABOUT_RETURN_TYPE = YES_ERROR;
				GCC_WARN_UNDECLARED_SELECTOR = YES;
				GCC_WARN_UNINITIALIZED_AUTOS = YES_AGGRESSIVE;
				GCC_WARN_UNUSED_FUNCTION = YES;
				GCC_WARN_UNUSED_VARIABLE = YES;
				LOCALIZATION_PREFERS_STRING_CATALOGS = YES;
				MACOSX_DEPLOYMENT_TARGET = 14.0;
				MTL_ENABLE_DEBUG_INFO = INCLUDE_SOURCE;
				MTL_FAST_MATH = YES;
				ONLY_ACTIVE_ARCH = YES;
				SDKROOT = macosx;
				SWIFT_ACTIVE_COMPILATION_CONDITIONS = "DEBUG $(inherited)";
				SWIFT_OPTIMIZATION_LEVEL = "-Onone";
			};
			name = Debug;
		};
		CE8C3A4C2B1CE0140050AB4B /* Release */ = {
			isa = XCBuildConfiguration;
			buildSettings = {
				ALWAYS_SEARCH_USER_PATHS = NO;
				ASSETCATALOG_COMPILER_GENERATE_SWIFT_ASSET_SYMBOL_EXTENSIONS = YES;
				CLANG_ANALYZER_NONNULL = YES;
				CLANG_ANALYZER_NUMBER_OBJECT_CONVERSION = YES_AGGRESSIVE;
				CLANG_CXX_LANGUAGE_STANDARD = "gnu++20";
				CLANG_ENABLE_MODULES = YES;
				CLANG_ENABLE_OBJC_ARC = YES;
				CLANG_ENABLE_OBJC_WEAK = YES;
				CLANG_WARN_BLOCK_CAPTURE_AUTORELEASING = YES;
				CLANG_WARN_BOOL_CONVERSION = YES;
				CLANG_WARN_COMMA = YES;
				CLANG_WARN_CONSTANT_CONVERSION = YES;
				CLANG_WARN_DEPRECATED_OBJC_IMPLEMENTATIONS = YES;
				CLANG_WARN_DIRECT_OBJC_ISA_USAGE = YES_ERROR;
				CLANG_WARN_DOCUMENTATION_COMMENTS = YES;
				CLANG_WARN_EMPTY_BODY = YES;
				CLANG_WARN_ENUM_CONVERSION = YES;
				CLANG_WARN_INFINITE_RECURSION = YES;
				CLANG_WARN_INT_CONVERSION = YES;
				CLANG_WARN_NON_LITERAL_NULL_CONVERSION = YES;
				CLANG_WARN_OBJC_IMPLICIT_RETAIN_SELF = YES;
				CLANG_WARN_OBJC_LITERAL_CONVERSION = YES;
				CLANG_WARN_OBJC_ROOT_CLASS = YES_ERROR;
				CLANG_WARN_QUOTED_INCLUDE_IN_FRAMEWORK_HEADER = YES;
				CLANG_WARN_RANGE_LOOP_ANALYSIS = YES;
				CLANG_WARN_STRICT_PROTOTYPES = YES;
				CLANG_WARN_SUSPICIOUS_MOVE = YES;
				CLANG_WARN_UNGUARDED_AVAILABILITY = YES_AGGRESSIVE;
				CLANG_WARN_UNREACHABLE_CODE = YES;
				CLANG_WARN__DUPLICATE_METHOD_MATCH = YES;
				COPY_PHASE_STRIP = NO;
				DEBUG_INFORMATION_FORMAT = "dwarf-with-dsym";
				ENABLE_NS_ASSERTIONS = NO;
				ENABLE_STRICT_OBJC_MSGSEND = YES;
				ENABLE_USER_SCRIPT_SANDBOXING = YES;
				GCC_C_LANGUAGE_STANDARD = gnu17;
				GCC_NO_COMMON_BLOCKS = YES;
				GCC_WARN_64_TO_32_BIT_CONVERSION = YES;
				GCC_WARN_ABOUT_RETURN_TYPE = YES_ERROR;
				GCC_WARN_UNDECLARED_SELECTOR = YES;
				GCC_WARN_UNINITIALIZED_AUTOS = YES_AGGRESSIVE;
				GCC_WARN_UNUSED_FUNCTION = YES;
				GCC_WARN_UNUSED_VARIABLE = YES;
				LOCALIZATION_PREFERS_STRING_CATALOGS = YES;
				MACOSX_DEPLOYMENT_TARGET = 14.0;
				MTL_ENABLE_DEBUG_INFO = NO;
				MTL_FAST_MATH = YES;
				SDKROOT = macosx;
				SWIFT_COMPILATION_MODE = wholemodule;
			};
			name = Release;
		};
		CE8C3A5F2B1CE0EF0050AB4B /* Debug */ = {
			isa = XCBuildConfiguration;
			buildSettings = {
				CODE_SIGN_STYLE = Automatic;
				DEVELOPMENT_TEAM = 5YDPFZTS8D;
				ENABLE_HARDENED_RUNTIME = YES;
				PRODUCT_NAME = "$(TARGET_NAME)";
				SWIFT_VERSION = 5.0;
			};
			name = Debug;
		};
		CE8C3A602B1CE0EF0050AB4B /* Release */ = {
			isa = XCBuildConfiguration;
			buildSettings = {
				CODE_SIGN_STYLE = Automatic;
				DEVELOPMENT_TEAM = 5YDPFZTS8D;
				ENABLE_HARDENED_RUNTIME = YES;
				PRODUCT_NAME = "$(TARGET_NAME)";
				SWIFT_VERSION = 5.0;
			};
			name = Release;
		};
		CE8C3A7B2B1CFADD0050AB4B /* Debug */ = {
			isa = XCBuildConfiguration;
			buildSettings = {
				CODE_SIGN_STYLE = Automatic;
				DEVELOPMENT_TEAM = 5YDPFZTS8D;
				ENABLE_HARDENED_RUNTIME = YES;
				PRODUCT_NAME = "$(TARGET_NAME)";
				SWIFT_VERSION = 5.0;
			};
			name = Debug;
		};
		CE8C3A7C2B1CFADD0050AB4B /* Release */ = {
			isa = XCBuildConfiguration;
			buildSettings = {
				CODE_SIGN_STYLE = Automatic;
				DEVELOPMENT_TEAM = 5YDPFZTS8D;
				ENABLE_HARDENED_RUNTIME = YES;
				PRODUCT_NAME = "$(TARGET_NAME)";
				SWIFT_VERSION = 5.0;
			};
			name = Release;
		};
/* End XCBuildConfiguration section */

/* Begin XCConfigurationList section */
		CE8C3A412B1CE0140050AB4B /* Build configuration list for PBXProject "Advent of Code 2023" */ = {
			isa = XCConfigurationList;
			buildConfigurations = (
				CE8C3A4B2B1CE0140050AB4B /* Debug */,
				CE8C3A4C2B1CE0140050AB4B /* Release */,
			);
			defaultConfigurationIsVisible = 0;
			defaultConfigurationName = Release;
		};
		CE8C3A5E2B1CE0EF0050AB4B /* Build configuration list for PBXNativeTarget "Day 01" */ = {
			isa = XCConfigurationList;
			buildConfigurations = (
				CE8C3A5F2B1CE0EF0050AB4B /* Debug */,
				CE8C3A602B1CE0EF0050AB4B /* Release */,
			);
			defaultConfigurationIsVisible = 0;
			defaultConfigurationName = Release;
		};
		CE8C3A7A2B1CFADD0050AB4B /* Build configuration list for PBXNativeTarget "Day 02" */ = {
			isa = XCConfigurationList;
			buildConfigurations = (
				CE8C3A7B2B1CFADD0050AB4B /* Debug */,
				CE8C3A7C2B1CFADD0050AB4B /* Release */,
			);
			defaultConfigurationIsVisible = 0;
			defaultConfigurationName = Release;
		};
/* End XCConfigurationList section */
	};
	rootObject = CE8C3A3E2B1CE0140050AB4B /* Project object */;
}
